
Microsoft Visual Studio Solution File, Format Version 12.00
# Visual Studio 2013
VisualStudioVersion = 12.0.40629.0
MinimumVisualStudioVersion = 10.0.40219.1
Project("{FAE04EC0-301F-11D3-BF4B-00C04F79EFBC}") = "DSA", "DSA\DSA.csproj", "{D65E1DA5-DC5A-47F4-8228-9EBE7BE4AF10}"
EndProject
Project("{FAE04EC0-301F-11D3-BF4B-00C04F79EFBC}") = "LinkedList", "LinkedList\LinkedList.csproj", "{20E669C5-3151-49DD-BD24-D2320FFD2BC4}"
EndProject
Global
	GlobalSection(SolutionConfigurationPlatforms) = preSolution
		Debug|Any CPU = Debug|Any CPU
		Release|Any CPU = Release|Any CPU
	EndGlobalSection
	GlobalSection(ProjectConfigurationPlatforms) = postSolution
		{D65E1DA5-DC5A-47F4-8228-9EBE7BE4AF10}.Debug|Any CPU.ActiveCfg = Debug|Any CPU
		{D65E1DA5-DC5A-47F4-8228-9EBE7BE4AF10}.Debug|Any CPU.Build.0 = Debug|Any CPU
		{D65E1DA5-DC5A-47F4-8228-9EBE7BE4AF10}.Release|Any CPU.ActiveCfg = Release|Any CPU
		{D65E1DA5-DC5A-47F4-8228-9EBE7BE4AF10}.Release|Any CPU.Build.0 = Release|Any CPU
		{20E669C5-3151-49DD-BD24-D2320FFD2BC4}.Debug|Any CPU.ActiveCfg = Debug|Any CPU
		{20E669C5-3151-49DD-BD24-D2320FFD2BC4}.Debug|Any CPU.Build.0 = Debug|Any CPU
		{20E669C5-3151-49DD-BD24-D2320FFD2BC4}.Release|Any CPU.ActiveCfg = Release|Any CPU
		{20E669C5-3151-49DD-BD24-D2320FFD2BC4}.Release|Any CPU.Build.0 = Release|Any CPU
	EndGlobalSection
	GlobalSection(SolutionProperties) = preSolution
		HideSolutionNode = FALSE
	EndGlobalSection
EndGlobal
