
Microsoft Visual Studio Solution File, Format Version 12.00
# Visual Studio 2013
VisualStudioVersion = 12.0.40629.0
MinimumVisualStudioVersion = 10.0.40219.1
Project("{FAE04EC0-301F-11D3-BF4B-00C04F79EFBC}") = "DSA", "DSA\DSA.csproj", "{D65E1DA5-DC5A-47F4-8228-9EBE7BE4AF10}"
EndProject
Project("{FAE04EC0-301F-11D3-BF4B-00C04F79EFBC}") = "LinkedList", "LinkedList\LinkedList.csproj", "{20E669C5-3151-49DD-BD24-D2320FFD2BC4}"
EndProject
Project("{FAE04EC0-301F-11D3-BF4B-00C04F79EFBC}") = "Interfaces", "Interfaces\Interfaces.csproj", "{5F720DFA-4F40-451E-A7B0-5EF6D3FECAAE}"
EndProject
Project("{FAE04EC0-301F-11D3-BF4B-00C04F79EFBC}") = "Tree", "Tree\Tree.csproj", "{D3FBEDAE-0C9F-4162-87DA-8BD3BCFC0046}"
EndProject
Project("{FAE04EC0-301F-11D3-BF4B-00C04F79EFBC}") = "Queue", "Queue\Queue.csproj", "{131A2C7B-7A75-4F77-AC9E-8C8E2C6014E7}"
EndProject
Project("{FAE04EC0-301F-11D3-BF4B-00C04F79EFBC}") = "Stack", "Stack\Stack.csproj", "{B0B7994B-761F-41AB-8AF6-487534EFF02F}"
EndProject
Project("{FAE04EC0-301F-11D3-BF4B-00C04F79EFBC}") = "Arrays", "Array\Arrays.csproj", "{5D882E20-A8EA-43CB-BBA6-B824BBE3360E}"
EndProject
Project("{FAE04EC0-301F-11D3-BF4B-00C04F79EFBC}") = "String", "String\String.csproj", "{0DBDD2C9-41A0-4509-86B8-9813D28B8B61}"
EndProject
Global
	GlobalSection(SolutionConfigurationPlatforms) = preSolution
		Debug|Any CPU = Debug|Any CPU
		Release|Any CPU = Release|Any CPU
	EndGlobalSection
	GlobalSection(ProjectConfigurationPlatforms) = postSolution
		{D65E1DA5-DC5A-47F4-8228-9EBE7BE4AF10}.Debug|Any CPU.ActiveCfg = Debug|Any CPU
		{D65E1DA5-DC5A-47F4-8228-9EBE7BE4AF10}.Debug|Any CPU.Build.0 = Debug|Any CPU
		{D65E1DA5-DC5A-47F4-8228-9EBE7BE4AF10}.Release|Any CPU.ActiveCfg = Release|Any CPU
		{D65E1DA5-DC5A-47F4-8228-9EBE7BE4AF10}.Release|Any CPU.Build.0 = Release|Any CPU
		{20E669C5-3151-49DD-BD24-D2320FFD2BC4}.Debug|Any CPU.ActiveCfg = Debug|Any CPU
		{20E669C5-3151-49DD-BD24-D2320FFD2BC4}.Debug|Any CPU.Build.0 = Debug|Any CPU
		{20E669C5-3151-49DD-BD24-D2320FFD2BC4}.Release|Any CPU.ActiveCfg = Release|Any CPU
		{20E669C5-3151-49DD-BD24-D2320FFD2BC4}.Release|Any CPU.Build.0 = Release|Any CPU
		{5F720DFA-4F40-451E-A7B0-5EF6D3FECAAE}.Debug|Any CPU.ActiveCfg = Debug|Any CPU
		{5F720DFA-4F40-451E-A7B0-5EF6D3FECAAE}.Debug|Any CPU.Build.0 = Debug|Any CPU
		{5F720DFA-4F40-451E-A7B0-5EF6D3FECAAE}.Release|Any CPU.ActiveCfg = Release|Any CPU
		{5F720DFA-4F40-451E-A7B0-5EF6D3FECAAE}.Release|Any CPU.Build.0 = Release|Any CPU
		{D3FBEDAE-0C9F-4162-87DA-8BD3BCFC0046}.Debug|Any CPU.ActiveCfg = Debug|Any CPU
		{D3FBEDAE-0C9F-4162-87DA-8BD3BCFC0046}.Debug|Any CPU.Build.0 = Debug|Any CPU
		{D3FBEDAE-0C9F-4162-87DA-8BD3BCFC0046}.Release|Any CPU.ActiveCfg = Release|Any CPU
		{D3FBEDAE-0C9F-4162-87DA-8BD3BCFC0046}.Release|Any CPU.Build.0 = Release|Any CPU
		{131A2C7B-7A75-4F77-AC9E-8C8E2C6014E7}.Debug|Any CPU.ActiveCfg = Debug|Any CPU
		{131A2C7B-7A75-4F77-AC9E-8C8E2C6014E7}.Debug|Any CPU.Build.0 = Debug|Any CPU
		{131A2C7B-7A75-4F77-AC9E-8C8E2C6014E7}.Release|Any CPU.ActiveCfg = Release|Any CPU
		{131A2C7B-7A75-4F77-AC9E-8C8E2C6014E7}.Release|Any CPU.Build.0 = Release|Any CPU
		{B0B7994B-761F-41AB-8AF6-487534EFF02F}.Debug|Any CPU.ActiveCfg = Debug|Any CPU
		{B0B7994B-761F-41AB-8AF6-487534EFF02F}.Debug|Any CPU.Build.0 = Debug|Any CPU
		{B0B7994B-761F-41AB-8AF6-487534EFF02F}.Release|Any CPU.ActiveCfg = Release|Any CPU
		{B0B7994B-761F-41AB-8AF6-487534EFF02F}.Release|Any CPU.Build.0 = Release|Any CPU
		{5D882E20-A8EA-43CB-BBA6-B824BBE3360E}.Debug|Any CPU.ActiveCfg = Debug|Any CPU
		{5D882E20-A8EA-43CB-BBA6-B824BBE3360E}.Debug|Any CPU.Build.0 = Debug|Any CPU
		{5D882E20-A8EA-43CB-BBA6-B824BBE3360E}.Release|Any CPU.ActiveCfg = Release|Any CPU
		{5D882E20-A8EA-43CB-BBA6-B824BBE3360E}.Release|Any CPU.Build.0 = Release|Any CPU
		{0DBDD2C9-41A0-4509-86B8-9813D28B8B61}.Debug|Any CPU.ActiveCfg = Debug|Any CPU
		{0DBDD2C9-41A0-4509-86B8-9813D28B8B61}.Debug|Any CPU.Build.0 = Debug|Any CPU
		{0DBDD2C9-41A0-4509-86B8-9813D28B8B61}.Release|Any CPU.ActiveCfg = Release|Any CPU
		{0DBDD2C9-41A0-4509-86B8-9813D28B8B61}.Release|Any CPU.Build.0 = Release|Any CPU
	EndGlobalSection
	GlobalSection(SolutionProperties) = preSolution
		HideSolutionNode = FALSE
	EndGlobalSection
EndGlobal
